# This file is autogenerated, do not edit; changes may be undone by the next 'dep ensure'.


[[projects]]
  name = "github.com/fatih/structtag"
  packages = ["."]
  revision = "da3d9ab5b78fdc25d3a7614853b085200bd10da9"
  version = "v0.1.0"

[solve-meta]
  analyzer-name = "dep"
  analyzer-version = 1
  inputs-digest = "fd68a52493f2f7c7bc610d66ba2f0be18e7d49a3ec7a17040841e9d73067e97c"
  solver-name = "gps-cdcl"
  solver-version = 1
